
Microsoft Visual Studio Solution File, Format Version 12.00
# Visual Studio Version 17
VisualStudioVersion = 17.11.35312.102
MinimumVisualStudioVersion = 10.0.40219.1
Project("{9A19103F-16F7-4668-BE54-9A1E7A4F7556}") = "Encapsulation", "Encapsulation\Encapsulation.csproj", "{242E852C-7F47-41E7-AA53-2C15A761B94F}"
EndProject
Project("{FAE04EC0-301F-11D3-BF4B-00C04F79EFBC}") = "Test2", "..\..\..\Test\Test2\Test2.csproj", "{3A266ED0-ACE2-4E84-AA8E-E7C94EC13D36}"
EndProject
Global
	GlobalSection(SolutionConfigurationPlatforms) = preSolution
		Debug|Any CPU = Debug|Any CPU
		Release|Any CPU = Release|Any CPU
	EndGlobalSection
	GlobalSection(ProjectConfigurationPlatforms) = postSolution
		{242E852C-7F47-41E7-AA53-2C15A761B94F}.Debug|Any CPU.ActiveCfg = Debug|Any CPU
		{242E852C-7F47-41E7-AA53-2C15A761B94F}.Debug|Any CPU.Build.0 = Debug|Any CPU
		{242E852C-7F47-41E7-AA53-2C15A761B94F}.Release|Any CPU.ActiveCfg = Release|Any CPU
		{242E852C-7F47-41E7-AA53-2C15A761B94F}.Release|Any CPU.Build.0 = Release|Any CPU
		{3A266ED0-ACE2-4E84-AA8E-E7C94EC13D36}.Debug|Any CPU.ActiveCfg = Debug|Any CPU
		{3A266ED0-ACE2-4E84-AA8E-E7C94EC13D36}.Debug|Any CPU.Build.0 = Debug|Any CPU
		{3A266ED0-ACE2-4E84-AA8E-E7C94EC13D36}.Release|Any CPU.ActiveCfg = Release|Any CPU
		{3A266ED0-ACE2-4E84-AA8E-E7C94EC13D36}.Release|Any CPU.Build.0 = Release|Any CPU
	EndGlobalSection
	GlobalSection(SolutionProperties) = preSolution
		HideSolutionNode = FALSE
	EndGlobalSection
	GlobalSection(ExtensibilityGlobals) = postSolution
		SolutionGuid = {75EA68B1-C727-4260-89E2-EED5923DC344}
	EndGlobalSection
EndGlobal
